
Microsoft Visual Studio Solution File, Format Version 12.00
# Visual Studio Version 17
VisualStudioVersion = 17.0.31912.275
MinimumVisualStudioVersion = 10.0.40219.1
Project("{9A19103F-16F7-4668-BE54-9A1E7A4F7556}") = "BethanysPieShopHRM.App", "BethanysPieShopHRM.App\BethanysPieShopHRM.App.csproj", "{CD641AD5-1897-4F74-938F-79AF92302940}"
EndProject
Project("{9A19103F-16F7-4668-BE54-9A1E7A4F7556}") = "BethanysPieShopHRM.Shared", "BethanysPieShopHRM.Shared\BethanysPieShopHRM.Shared.csproj", "{6BCAD94C-126B-4052-BF9F-D8BEAAF0E011}"
EndProject
Project("{9A19103F-16F7-4668-BE54-9A1E7A4F7556}") = "BethanysPieShopHRM.Api", "BethanysPieShopHRM.Api\BethanysPieShopHRM.Api.csproj", "{7EA2DD1A-6ABD-45A6-8A65-0B93B6635FEC}"
EndProject
Project("{9A19103F-16F7-4668-BE54-9A1E7A4F7556}") = "BethanysPieShopHRM.ComponentsLibrary", "BethanysPieShopHRM.ComponentsLibrary\BethanysPieShopHRM.ComponentsLibrary.csproj", "{B7D01389-2E6C-463B-AEBA-0932B3A943AE}"
EndProject
Project("{FAE04EC0-301F-11D3-BF4B-00C04F79EFBC}") = "BethanysPieShopHRM.Server", "BethanysPieShopHRM.Server\BethanysPieShopHRM.Server.csproj", "{4227EB20-2D56-4903-BBAA-0D04A2CFA786}"
EndProject
Project("{FAE04EC0-301F-11D3-BF4B-00C04F79EFBC}") = "BethanysPieShopHRM.Client", "BethanysPieShopHRM.Client\BethanysPieShopHRM.Client.csproj", "{28F1B7C1-2428-467F-9B78-F0B2BBF0C2B4}"
EndProject
Global
	GlobalSection(SolutionConfigurationPlatforms) = preSolution
		Debug|Any CPU = Debug|Any CPU
		Release|Any CPU = Release|Any CPU
	EndGlobalSection
	GlobalSection(ProjectConfigurationPlatforms) = postSolution
		{CD641AD5-1897-4F74-938F-79AF92302940}.Debug|Any CPU.ActiveCfg = Debug|Any CPU
		{CD641AD5-1897-4F74-938F-79AF92302940}.Debug|Any CPU.Build.0 = Debug|Any CPU
		{CD641AD5-1897-4F74-938F-79AF92302940}.Release|Any CPU.ActiveCfg = Release|Any CPU
		{CD641AD5-1897-4F74-938F-79AF92302940}.Release|Any CPU.Build.0 = Release|Any CPU
		{6BCAD94C-126B-4052-BF9F-D8BEAAF0E011}.Debug|Any CPU.ActiveCfg = Debug|Any CPU
		{6BCAD94C-126B-4052-BF9F-D8BEAAF0E011}.Debug|Any CPU.Build.0 = Debug|Any CPU
		{6BCAD94C-126B-4052-BF9F-D8BEAAF0E011}.Release|Any CPU.ActiveCfg = Release|Any CPU
		{6BCAD94C-126B-4052-BF9F-D8BEAAF0E011}.Release|Any CPU.Build.0 = Release|Any CPU
		{7EA2DD1A-6ABD-45A6-8A65-0B93B6635FEC}.Debug|Any CPU.ActiveCfg = Debug|Any CPU
		{7EA2DD1A-6ABD-45A6-8A65-0B93B6635FEC}.Debug|Any CPU.Build.0 = Debug|Any CPU
		{7EA2DD1A-6ABD-45A6-8A65-0B93B6635FEC}.Release|Any CPU.ActiveCfg = Release|Any CPU
		{7EA2DD1A-6ABD-45A6-8A65-0B93B6635FEC}.Release|Any CPU.Build.0 = Release|Any CPU
		{B7D01389-2E6C-463B-AEBA-0932B3A943AE}.Debug|Any CPU.ActiveCfg = Debug|Any CPU
		{B7D01389-2E6C-463B-AEBA-0932B3A943AE}.Debug|Any CPU.Build.0 = Debug|Any CPU
		{B7D01389-2E6C-463B-AEBA-0932B3A943AE}.Release|Any CPU.ActiveCfg = Release|Any CPU
		{B7D01389-2E6C-463B-AEBA-0932B3A943AE}.Release|Any CPU.Build.0 = Release|Any CPU
		{4227EB20-2D56-4903-BBAA-0D04A2CFA786}.Debug|Any CPU.ActiveCfg = Debug|Any CPU
		{4227EB20-2D56-4903-BBAA-0D04A2CFA786}.Debug|Any CPU.Build.0 = Debug|Any CPU
		{4227EB20-2D56-4903-BBAA-0D04A2CFA786}.Release|Any CPU.ActiveCfg = Release|Any CPU
		{4227EB20-2D56-4903-BBAA-0D04A2CFA786}.Release|Any CPU.Build.0 = Release|Any CPU
		{28F1B7C1-2428-467F-9B78-F0B2BBF0C2B4}.Debug|Any CPU.ActiveCfg = Debug|Any CPU
		{28F1B7C1-2428-467F-9B78-F0B2BBF0C2B4}.Debug|Any CPU.Build.0 = Debug|Any CPU
		{28F1B7C1-2428-467F-9B78-F0B2BBF0C2B4}.Release|Any CPU.ActiveCfg = Release|Any CPU
		{28F1B7C1-2428-467F-9B78-F0B2BBF0C2B4}.Release|Any CPU.Build.0 = Release|Any CPU
	EndGlobalSection
	GlobalSection(SolutionProperties) = preSolution
		HideSolutionNode = FALSE
	EndGlobalSection
	GlobalSection(ExtensibilityGlobals) = postSolution
		SolutionGuid = {78A5B927-205A-4637-AD1A-F011AE5E221E}
	EndGlobalSection
EndGlobal
