
Microsoft Visual Studio Solution File, Format Version 12.00
Project("{FAE04EC0-301F-11D3-BF4B-00C04F79EFBC}") = "BethanysPieShopHrm.App", "BethanysPieShopHrm.App\BethanysPieShopHrm.App.csproj", "{38B16674-2A96-4D9F-9C3B-9F10F1AB2B64}"
EndProject
Global
	GlobalSection(SolutionConfigurationPlatforms) = preSolution
		Debug|Any CPU = Debug|Any CPU
		Release|Any CPU = Release|Any CPU
	EndGlobalSection
	GlobalSection(ProjectConfigurationPlatforms) = postSolution
		{38B16674-2A96-4D9F-9C3B-9F10F1AB2B64}.Debug|Any CPU.ActiveCfg = Debug|Any CPU
		{38B16674-2A96-4D9F-9C3B-9F10F1AB2B64}.Debug|Any CPU.Build.0 = Debug|Any CPU
		{38B16674-2A96-4D9F-9C3B-9F10F1AB2B64}.Release|Any CPU.ActiveCfg = Release|Any CPU
		{38B16674-2A96-4D9F-9C3B-9F10F1AB2B64}.Release|Any CPU.Build.0 = Release|Any CPU
	EndGlobalSection
EndGlobal
